
Microsoft Visual Studio Solution File, Format Version 12.00
# Visual Studio 15
VisualStudioVersion = 15.0.28307.271
MinimumVisualStudioVersion = 10.0.40219.1
Project("{9092AA53-FB77-4645-B42D-1CCCA6BD08BD}") = "RodrigoDaSilva_JalpenDesai_Assignment4", "RodrigoDaSilva_JalpenDesai_Assignment4.njsproj", "{FC606A0F-14E1-41CC-90F0-CE362DC8D421}"
EndProject
Global
	GlobalSection(SolutionConfigurationPlatforms) = preSolution
		Debug|Any CPU = Debug|Any CPU
		Release|Any CPU = Release|Any CPU
	EndGlobalSection
	GlobalSection(ProjectConfigurationPlatforms) = postSolution
		{FC606A0F-14E1-41CC-90F0-CE362DC8D421}.Debug|Any CPU.ActiveCfg = Debug|Any CPU
		{FC606A0F-14E1-41CC-90F0-CE362DC8D421}.Debug|Any CPU.Build.0 = Debug|Any CPU
		{FC606A0F-14E1-41CC-90F0-CE362DC8D421}.Release|Any CPU.ActiveCfg = Release|Any CPU
		{FC606A0F-14E1-41CC-90F0-CE362DC8D421}.Release|Any CPU.Build.0 = Release|Any CPU
	EndGlobalSection
	GlobalSection(SolutionProperties) = preSolution
		HideSolutionNode = FALSE
	EndGlobalSection
	GlobalSection(ExtensibilityGlobals) = postSolution
		SolutionGuid = {40293776-1B47-4792-8593-6C32FA270996}
	EndGlobalSection
EndGlobal
